<?xml version="1.0" encoding="utf-8"?>
<Project ToolsVersion="4.0" xmlns="http://schemas.microsoft.com/developer/msbuild/2003">
  <ItemGroup>
    <Filter Include="Source Files">
      <UniqueIdentifier>{4FC737F1-C7A5-4376-A066-2A32D752A2FF}</UniqueIdentifier>
      <Extensions>cpp;c;cc;cxx;c++;cppm;ixx;def;odl;idl;hpj;bat;asm;asmx</Extensions>
    </Filter>
    <Filter Include="Header Files">
      <UniqueIdentifier>{93995380-89BD-4b04-88EB-625FBE52EBFB}</UniqueIdentifier>
      <Extensions>h;hh;hpp;hxx;h++;hm;inl;inc;ipp;xsd</Extensions>
    </Filter>
    <Filter Include="Resource Files">
      <UniqueIdentifier>{67DA6AB6-F800-4c08-8B7A-83BB121AAD01}</UniqueIdentifier>
      <Extensions>rc;ico;cur;bmp;dlg;rc2;rct;bin;rgs;gif;jpg;jpeg;jpe;resx;tiff;tif;png;wav;mfcribbon-ms</Extensions>
    </Filter>
    <Filter Include="pluginsdk">
      <UniqueIdentifier>{9dd77c3d-36cc-4f47-857e-68b5e84f8b74}</UniqueIdentifier>
    </Filter>
    <Filter Include="pybind11">
      <UniqueIdentifier>{a678c17b-d18b-43bc-8849-f84c0f513b51}</UniqueIdentifier>
    </Filter>
  </ItemGroup>
  <ItemGroup>
    <ClCompile Include="plugin.cpp">
      <Filter>Source Files</Filter>
    </ClCompile>
    <ClCompile Include="pluginmain.cpp">
      <Filter>Source Files</Filter>
    </ClCompile>
    <ClCompile Include="scriptapi.cpp">
      <Filter>Source Files</Filter>
    </ClCompile>
    <ClCompile Include="BreakpointDlg.cpp">
      <Filter>Source Files</Filter>
    </ClCompile>
  </ItemGroup>
  <ItemGroup>
    <ClInclude Include="plugin.h">
      <Filter>Header Files</Filter>
    </ClInclude>
    <ClInclude Include="pluginmain.h">
      <Filter>Header Files</Filter>
    </ClInclude>
    <ClInclude Include="pluginsdk\_dbgfunctions.h">
      <Filter>pluginsdk</Filter>
    </ClInclude>
    <ClInclude Include="pluginsdk\_plugin_types.h">
      <Filter>pluginsdk</Filter>
    </ClInclude>
    <ClInclude Include="pluginsdk\_plugins.h">
      <Filter>pluginsdk</Filter>
    </ClInclude>
    <ClInclude Include="pluginsdk\_scriptapi.h">
      <Filter>pluginsdk</Filter>
    </ClInclude>
    <ClInclude Include="pluginsdk\_scriptapi_argument.h">
      <Filter>pluginsdk</Filter>
    </ClInclude>
    <ClInclude Include="pluginsdk\_scriptapi_assembler.h">
      <Filter>pluginsdk</Filter>
    </ClInclude>
    <ClInclude Include="pluginsdk\_scriptapi_bookmark.h">
      <Filter>pluginsdk</Filter>
    </ClInclude>
    <ClInclude Include="pluginsdk\_scriptapi_comment.h">
      <Filter>pluginsdk</Filter>
    </ClInclude>
    <ClInclude Include="pluginsdk\_scriptapi_debug.h">
      <Filter>pluginsdk</Filter>
    </ClInclude>
    <ClInclude Include="pluginsdk\_scriptapi_flag.h">
      <Filter>pluginsdk</Filter>
    </ClInclude>
    <ClInclude Include="pluginsdk\_scriptapi_function.h">
      <Filter>pluginsdk</Filter>
    </ClInclude>
    <ClInclude Include="pluginsdk\_scriptapi_gui.h">
      <Filter>pluginsdk</Filter>
    </ClInclude>
    <ClInclude Include="pluginsdk\_scriptapi_label.h">
      <Filter>pluginsdk</Filter>
    </ClInclude>
    <ClInclude Include="pluginsdk\_scriptapi_memory.h">
      <Filter>pluginsdk</Filter>
    </ClInclude>
    <ClInclude Include="pluginsdk\_scriptapi_misc.h">
      <Filter>pluginsdk</Filter>
    </ClInclude>
    <ClInclude Include="pluginsdk\_scriptapi_module.h">
      <Filter>pluginsdk</Filter>
    </ClInclude>
    <ClInclude Include="pluginsdk\_scriptapi_pattern.h">
      <Filter>pluginsdk</Filter>
    </ClInclude>
    <ClInclude Include="pluginsdk\_scriptapi_register.h">
      <Filter>pluginsdk</Filter>
    </ClInclude>
    <ClInclude Include="pluginsdk\_scriptapi_stack.h">
      <Filter>pluginsdk</Filter>
    </ClInclude>
    <ClInclude Include="pluginsdk\_scriptapi_symbol.h">
      <Filter>pluginsdk</Filter>
    </ClInclude>
    <ClInclude Include="pluginsdk\bridgegraph.h">
      <Filter>pluginsdk</Filter>
    </ClInclude>
    <ClInclude Include="pluginsdk\bridgelist.h">
      <Filter>pluginsdk</Filter>
    </ClInclude>
    <ClInclude Include="pluginsdk\bridgemain.h">
      <Filter>pluginsdk</Filter>
    </ClInclude>
    <ClInclude Include="pybind11\attr.h">
      <Filter>pybind11</Filter>
    </ClInclude>
    <ClInclude Include="pybind11\buffer_info.h">
      <Filter>pybind11</Filter>
    </ClInclude>
    <ClInclude Include="pybind11\cast.h">
      <Filter>pybind11</Filter>
    </ClInclude>
    <ClInclude Include="pybind11\chrono.h">
      <Filter>pybind11</Filter>
    </ClInclude>
    <ClInclude Include="pybind11\common.h">
      <Filter>pybind11</Filter>
    </ClInclude>
    <ClInclude Include="pybind11\complex.h">
      <Filter>pybind11</Filter>
    </ClInclude>
    <ClInclude Include="pybind11\eigen.h">
      <Filter>pybind11</Filter>
    </ClInclude>
    <ClInclude Include="pybind11\embed.h">
      <Filter>pybind11</Filter>
    </ClInclude>
    <ClInclude Include="pybind11\eval.h">
      <Filter>pybind11</Filter>
    </ClInclude>
    <ClInclude Include="pybind11\functional.h">
      <Filter>pybind11</Filter>
    </ClInclude>
    <ClInclude Include="pybind11\gil.h">
      <Filter>pybind11</Filter>
    </ClInclude>
    <ClInclude Include="pybind11\iostream.h">
      <Filter>pybind11</Filter>
    </ClInclude>
    <ClInclude Include="pybind11\numpy.h">
      <Filter>pybind11</Filter>
    </ClInclude>
    <ClInclude Include="pybind11\operators.h">
      <Filter>pybind11</Filter>
    </ClInclude>
    <ClInclude Include="pybind11\options.h">
      <Filter>pybind11</Filter>
    </ClInclude>
    <ClInclude Include="pybind11\pybind11.h">
      <Filter>pybind11</Filter>
    </ClInclude>
    <ClInclude Include="pybind11\pytypes.h">
      <Filter>pybind11</Filter>
    </ClInclude>
    <ClInclude Include="pybind11\stl.h">
      <Filter>pybind11</Filter>
    </ClInclude>
    <ClInclude Include="pybind11\stl_bind.h">
      <Filter>pybind11</Filter>
    </ClInclude>
    <ClInclude Include="pystream.h">
      <Filter>Header Files</Filter>
    </ClInclude>
    <ClInclude Include="icon.h">
      <Filter>Header Files</Filter>
    </ClInclude>
    <ClInclude Include="resource1.h">
      <Filter>Header Files</Filter>
    </ClInclude>
    <ClInclude Include="BreakpointDlg.h">
      <Filter>Header Files</Filter>
    </ClInclude>
  </ItemGroup>
  <ItemGroup>
    <Library Include="pluginsdk\x32bridge.lib">
      <Filter>pluginsdk</Filter>
    </Library>
    <Library Include="pluginsdk\x32dbg.lib">
      <Filter>pluginsdk</Filter>
    </Library>
    <Library Include="pluginsdk\x64bridge.lib">
      <Filter>pluginsdk</Filter>
    </Library>
    <Library Include="pluginsdk\x64dbg.lib">
      <Filter>pluginsdk</Filter>
    </Library>
  </ItemGroup>
  <ItemGroup>
    <Image Include="resource\python_104451.ico">
      <Filter>Resource Files</Filter>
    </Image>
  </ItemGroup>
  <ItemGroup>
    <ResourceCompile Include="x64dbgpython.rc">
      <Filter>Resource Files</Filter>
    </ResourceCompile>
  </ItemGroup>
</Project>